
Microsoft Visual Studio Solution File, Format Version 12.00
# Visual Studio Version 16
VisualStudioVersion = 16.0.32228.343
MinimumVisualStudioVersion = 10.0.40219.1
Project("{FAE04EC0-301F-11D3-BF4B-00C04F79EFBC}") = "blog-template.Data", "blog-template.Data\blog-template.Data.csproj", "{669A848A-6D22-48D6-9A23-ADB7B4C3B5BB}"
EndProject
Global
	GlobalSection(SolutionConfigurationPlatforms) = preSolution
		Debug|Any CPU = Debug|Any CPU
		Release|Any CPU = Release|Any CPU
	EndGlobalSection
	GlobalSection(ProjectConfigurationPlatforms) = postSolution
		{669A848A-6D22-48D6-9A23-ADB7B4C3B5BB}.Debug|Any CPU.ActiveCfg = Debug|Any CPU
		{669A848A-6D22-48D6-9A23-ADB7B4C3B5BB}.Debug|Any CPU.Build.0 = Debug|Any CPU
		{669A848A-6D22-48D6-9A23-ADB7B4C3B5BB}.Release|Any CPU.ActiveCfg = Release|Any CPU
		{669A848A-6D22-48D6-9A23-ADB7B4C3B5BB}.Release|Any CPU.Build.0 = Release|Any CPU
	EndGlobalSection
	GlobalSection(SolutionProperties) = preSolution
		HideSolutionNode = FALSE
	EndGlobalSection
	GlobalSection(ExtensibilityGlobals) = postSolution
		SolutionGuid = {7A70FEBD-435A-42EC-A4C1-F1350C0D37E4}
	EndGlobalSection
EndGlobal
